// !$*UTF8*$!
{
	archiveVersion = 1;
	classes = {
	};
	objectVersion = 56;
	objects = {

/* Begin PBXBuildFile section */
		EC0A023C28D89AAB00750F8F /* YoMarks_SwiftUIApp.swift in Sources */ = {isa = PBXBuildFile; fileRef = EC0A023B28D89AAB00750F8F /* YoMarks_SwiftUIApp.swift */; };
		EC0A023E28D89AAB00750F8F /* MainView.swift in Sources */ = {isa = PBXBuildFile; fileRef = EC0A023D28D89AAB00750F8F /* MainView.swift */; };
		EC0A024028D89AAC00750F8F /* Assets.xcassets in Resources */ = {isa = PBXBuildFile; fileRef = EC0A023F28D89AAC00750F8F /* Assets.xcassets */; };
		EC0A024328D89AAC00750F8F /* Preview Assets.xcassets in Resources */ = {isa = PBXBuildFile; fileRef = EC0A024228D89AAC00750F8F /* Preview Assets.xcassets */; };
		EC0A024C28D8BC2F00750F8F /* TextView.swift in Sources */ = {isa = PBXBuildFile; fileRef = EC0A024B28D8BC2F00750F8F /* TextView.swift */; };
		EC0A025228D9AAAD00750F8F /* Poppins-Regular.ttf in Resources */ = {isa = PBXBuildFile; fileRef = EC0A024E28D9AAAD00750F8F /* Poppins-Regular.ttf */; };
		EC0A025328D9AAAD00750F8F /* Poppins-Medium.ttf in Resources */ = {isa = PBXBuildFile; fileRef = EC0A024F28D9AAAD00750F8F /* Poppins-Medium.ttf */; };
		EC0A025428D9AAAD00750F8F /* Poppins-Bold.ttf in Resources */ = {isa = PBXBuildFile; fileRef = EC0A025028D9AAAD00750F8F /* Poppins-Bold.ttf */; };
		EC0A025528D9AAAD00750F8F /* Poppins-SemiBold.ttf in Resources */ = {isa = PBXBuildFile; fileRef = EC0A025128D9AAAD00750F8F /* Poppins-SemiBold.ttf */; };
		EC0A025828D9B7C000750F8F /* ButtonView.swift in Sources */ = {isa = PBXBuildFile; fileRef = EC0A025728D9B7C000750F8F /* ButtonView.swift */; };
		EC0A025A28D9BAB700750F8F /* SignUpView.swift in Sources */ = {isa = PBXBuildFile; fileRef = EC0A025928D9BAB700750F8F /* SignUpView.swift */; };
		EC0A025C28D9D8FE00750F8F /* CustomTextField.swift in Sources */ = {isa = PBXBuildFile; fileRef = EC0A025B28D9D8FE00750F8F /* CustomTextField.swift */; };
/* End PBXBuildFile section */

/* Begin PBXFileReference section */
		EC0A023828D89AAB00750F8F /* YoMarks_SwiftUI.app */ = {isa = PBXFileReference; explicitFileType = wrapper.application; includeInIndex = 0; path = YoMarks_SwiftUI.app; sourceTree = BUILT_PRODUCTS_DIR; };
		EC0A023B28D89AAB00750F8F /* YoMarks_SwiftUIApp.swift */ = {isa = PBXFileReference; lastKnownFileType = sourcecode.swift; path = YoMarks_SwiftUIApp.swift; sourceTree = "<group>"; };
		EC0A023D28D89AAB00750F8F /* MainView.swift */ = {isa = PBXFileReference; lastKnownFileType = sourcecode.swift; path = MainView.swift; sourceTree = "<group>"; };
		EC0A023F28D89AAC00750F8F /* Assets.xcassets */ = {isa = PBXFileReference; lastKnownFileType = folder.assetcatalog; path = Assets.xcassets; sourceTree = "<group>"; };
		EC0A024228D89AAC00750F8F /* Preview Assets.xcassets */ = {isa = PBXFileReference; lastKnownFileType = folder.assetcatalog; path = "Preview Assets.xcassets"; sourceTree = "<group>"; };
		EC0A024B28D8BC2F00750F8F /* TextView.swift */ = {isa = PBXFileReference; lastKnownFileType = sourcecode.swift; path = TextView.swift; sourceTree = "<group>"; };
		EC0A024E28D9AAAD00750F8F /* Poppins-Regular.ttf */ = {isa = PBXFileReference; lastKnownFileType = file; path = "Poppins-Regular.ttf"; sourceTree = "<group>"; };
		EC0A024F28D9AAAD00750F8F /* Poppins-Medium.ttf */ = {isa = PBXFileReference; lastKnownFileType = file; path = "Poppins-Medium.ttf"; sourceTree = "<group>"; };
		EC0A025028D9AAAD00750F8F /* Poppins-Bold.ttf */ = {isa = PBXFileReference; lastKnownFileType = file; path = "Poppins-Bold.ttf"; sourceTree = "<group>"; };
		EC0A025128D9AAAD00750F8F /* Poppins-SemiBold.ttf */ = {isa = PBXFileReference; lastKnownFileType = file; path = "Poppins-SemiBold.ttf"; sourceTree = "<group>"; };
		EC0A025628D9AB7000750F8F /* YoMarks-SwiftUI-Info.plist */ = {isa = PBXFileReference; lastKnownFileType = text.plist.xml; path = "YoMarks-SwiftUI-Info.plist"; sourceTree = SOURCE_ROOT; };
		EC0A025728D9B7C000750F8F /* ButtonView.swift */ = {isa = PBXFileReference; lastKnownFileType = sourcecode.swift; path = ButtonView.swift; sourceTree = "<group>"; };
		EC0A025928D9BAB700750F8F /* SignUpView.swift */ = {isa = PBXFileReference; lastKnownFileType = sourcecode.swift; path = SignUpView.swift; sourceTree = "<group>"; };
		EC0A025B28D9D8FE00750F8F /* CustomTextField.swift */ = {isa = PBXFileReference; lastKnownFileType = sourcecode.swift; path = CustomTextField.swift; sourceTree = "<group>"; };
/* End PBXFileReference section */

/* Begin PBXFrameworksBuildPhase section */
		EC0A023528D89AAB00750F8F /* Frameworks */ = {
			isa = PBXFrameworksBuildPhase;
			buildActionMask = 2147483647;
			files = (
			);
			runOnlyForDeploymentPostprocessing = 0;
		};
/* End PBXFrameworksBuildPhase section */

/* Begin PBXGroup section */
		EC0A022F28D89AAB00750F8F = {
			isa = PBXGroup;
			children = (
				EC0A023A28D89AAB00750F8F /* YoMarks_SwiftUI */,
				EC0A025628D9AB7000750F8F /* YoMarks-SwiftUI-Info.plist */,
				EC0A023928D89AAB00750F8F /* Products */,
			);
			sourceTree = "<group>";
		};
		EC0A023928D89AAB00750F8F /* Products */ = {
			isa = PBXGroup;
			children = (
				EC0A023828D89AAB00750F8F /* YoMarks_SwiftUI.app */,
			);
			name = Products;
			sourceTree = "<group>";
		};
		EC0A023A28D89AAB00750F8F /* YoMarks_SwiftUI */ = {
			isa = PBXGroup;
			children = (
				EC0A025E28D9DCBE00750F8F /* Application */,
				EC0A024928D8BC1C00750F8F /* View */,
				EC0A025D28D9DBC300750F8F /* Resources */,
				EC0A024128D89AAC00750F8F /* Preview Content */,
				EC0A023F28D89AAC00750F8F /* Assets.xcassets */,
			);
			path = YoMarks_SwiftUI;
			sourceTree = "<group>";
		};
		EC0A024128D89AAC00750F8F /* Preview Content */ = {
			isa = PBXGroup;
			children = (
				EC0A024228D89AAC00750F8F /* Preview Assets.xcassets */,
			);
			path = "Preview Content";
			sourceTree = "<group>";
		};
		EC0A024928D8BC1C00750F8F /* View */ = {
			isa = PBXGroup;
			children = (
				EC0A023D28D89AAB00750F8F /* MainView.swift */,
				EC0A025928D9BAB700750F8F /* SignUpView.swift */,
				EC0A024A28D8BC2200750F8F /* Components */,
			);
			path = View;
			sourceTree = "<group>";
		};
		EC0A024A28D8BC2200750F8F /* Components */ = {
			isa = PBXGroup;
			children = (
				EC0A024B28D8BC2F00750F8F /* TextView.swift */,
				EC0A025728D9B7C000750F8F /* ButtonView.swift */,
				EC0A025B28D9D8FE00750F8F /* CustomTextField.swift */,
			);
			path = Components;
			sourceTree = "<group>";
		};
		EC0A024D28D9AA6600750F8F /* Font */ = {
			isa = PBXGroup;
			children = (
				EC0A025028D9AAAD00750F8F /* Poppins-Bold.ttf */,
				EC0A024F28D9AAAD00750F8F /* Poppins-Medium.ttf */,
				EC0A024E28D9AAAD00750F8F /* Poppins-Regular.ttf */,
				EC0A025128D9AAAD00750F8F /* Poppins-SemiBold.ttf */,
			);
			path = Font;
			sourceTree = "<group>";
		};
		EC0A025D28D9DBC300750F8F /* Resources */ = {
			isa = PBXGroup;
			children = (
				EC0A024D28D9AA6600750F8F /* Font */,
			);
			path = Resources;
			sourceTree = "<group>";
		};
		EC0A025E28D9DCBE00750F8F /* Application */ = {
			isa = PBXGroup;
			children = (
				EC0A023B28D89AAB00750F8F /* YoMarks_SwiftUIApp.swift */,
			);
			path = Application;
			sourceTree = "<group>";
		};
/* End PBXGroup section */

/* Begin PBXNativeTarget section */
		EC0A023728D89AAB00750F8F /* YoMarks_SwiftUI */ = {
			isa = PBXNativeTarget;
			buildConfigurationList = EC0A024628D89AAC00750F8F /* Build configuration list for PBXNativeTarget "YoMarks_SwiftUI" */;
			buildPhases = (
				EC0A023428D89AAB00750F8F /* Sources */,
				EC0A023528D89AAB00750F8F /* Frameworks */,
				EC0A023628D89AAB00750F8F /* Resources */,
			);
			buildRules = (
			);
			dependencies = (
			);
			name = YoMarks_SwiftUI;
			productName = YoMarks_SwiftUI;
			productReference = EC0A023828D89AAB00750F8F /* YoMarks_SwiftUI.app */;
			productType = "com.apple.product-type.application";
		};
/* End PBXNativeTarget section */

/* Begin PBXProject section */
		EC0A023028D89AAB00750F8F /* Project object */ = {
			isa = PBXProject;
			attributes = {
				BuildIndependentTargetsInParallel = 1;
				LastSwiftUpdateCheck = 1400;
				LastUpgradeCheck = 1400;
				TargetAttributes = {
					EC0A023728D89AAB00750F8F = {
						CreatedOnToolsVersion = 14.0;
					};
				};
			};
			buildConfigurationList = EC0A023328D89AAB00750F8F /* Build configuration list for PBXProject "YoMarks_SwiftUI" */;
			compatibilityVersion = "Xcode 14.0";
			developmentRegion = en;
			hasScannedForEncodings = 0;
			knownRegions = (
				en,
				Base,
			);
			mainGroup = EC0A022F28D89AAB00750F8F;
			productRefGroup = EC0A023928D89AAB00750F8F /* Products */;
			projectDirPath = "";
			projectRoot = "";
			targets = (
				EC0A023728D89AAB00750F8F /* YoMarks_SwiftUI */,
			);
		};
/* End PBXProject section */

/* Begin PBXResourcesBuildPhase section */
		EC0A023628D89AAB00750F8F /* Resources */ = {
			isa = PBXResourcesBuildPhase;
			buildActionMask = 2147483647;
			files = (
				EC0A025228D9AAAD00750F8F /* Poppins-Regular.ttf in Resources */,
				EC0A025328D9AAAD00750F8F /* Poppins-Medium.ttf in Resources */,
				EC0A025428D9AAAD00750F8F /* Poppins-Bold.ttf in Resources */,
				EC0A025528D9AAAD00750F8F /* Poppins-SemiBold.ttf in Resources */,
				EC0A024328D89AAC00750F8F /* Preview Assets.xcassets in Resources */,
				EC0A024028D89AAC00750F8F /* Assets.xcassets in Resources */,
			);
			runOnlyForDeploymentPostprocessing = 0;
		};
/* End PBXResourcesBuildPhase section */

/* Begin PBXSourcesBuildPhase section */
		EC0A023428D89AAB00750F8F /* Sources */ = {
			isa = PBXSourcesBuildPhase;
			buildActionMask = 2147483647;
			files = (
				EC0A024C28D8BC2F00750F8F /* TextView.swift in Sources */,
				EC0A025A28D9BAB700750F8F /* SignUpView.swift in Sources */,
				EC0A025C28D9D8FE00750F8F /* CustomTextField.swift in Sources */,
				EC0A023E28D89AAB00750F8F /* MainView.swift in Sources */,
				EC0A025828D9B7C000750F8F /* ButtonView.swift in Sources */,
				EC0A023C28D89AAB00750F8F /* YoMarks_SwiftUIApp.swift in Sources */,
			);
			runOnlyForDeploymentPostprocessing = 0;
		};
/* End PBXSourcesBuildPhase section */

/* Begin XCBuildConfiguration section */
		EC0A024428D89AAC00750F8F /* Debug */ = {
			isa = XCBuildConfiguration;
			buildSettings = {
				ALWAYS_SEARCH_USER_PATHS = NO;
				CLANG_ANALYZER_NONNULL = YES;
				CLANG_ANALYZER_NUMBER_OBJECT_CONVERSION = YES_AGGRESSIVE;
				CLANG_CXX_LANGUAGE_STANDARD = "gnu++20";
				CLANG_ENABLE_MODULES = YES;
				CLANG_ENABLE_OBJC_ARC = YES;
				CLANG_ENABLE_OBJC_WEAK = YES;
				CLANG_WARN_BLOCK_CAPTURE_AUTORELEASING = YES;
				CLANG_WARN_BOOL_CONVERSION = YES;
				CLANG_WARN_COMMA = YES;
				CLANG_WARN_CONSTANT_CONVERSION = YES;
				CLANG_WARN_DEPRECATED_OBJC_IMPLEMENTATIONS = YES;
				CLANG_WARN_DIRECT_OBJC_ISA_USAGE = YES_ERROR;
				CLANG_WARN_DOCUMENTATION_COMMENTS = YES;
				CLANG_WARN_EMPTY_BODY = YES;
				CLANG_WARN_ENUM_CONVERSION = YES;
				CLANG_WARN_INFINITE_RECURSION = YES;
				CLANG_WARN_INT_CONVERSION = YES;
				CLANG_WARN_NON_LITERAL_NULL_CONVERSION = YES;
				CLANG_WARN_OBJC_IMPLICIT_RETAIN_SELF = YES;
				CLANG_WARN_OBJC_LITERAL_CONVERSION = YES;
				CLANG_WARN_OBJC_ROOT_CLASS = YES_ERROR;
				CLANG_WARN_QUOTED_INCLUDE_IN_FRAMEWORK_HEADER = YES;
				CLANG_WARN_RANGE_LOOP_ANALYSIS = YES;
				CLANG_WARN_STRICT_PROTOTYPES = YES;
				CLANG_WARN_SUSPICIOUS_MOVE = YES;
				CLANG_WARN_UNGUARDED_AVAILABILITY = YES_AGGRESSIVE;
				CLANG_WARN_UNREACHABLE_CODE = YES;
				CLANG_WARN__DUPLICATE_METHOD_MATCH = YES;
				COPY_PHASE_STRIP = NO;
				DEBUG_INFORMATION_FORMAT = dwarf;
				ENABLE_STRICT_OBJC_MSGSEND = YES;
				ENABLE_TESTABILITY = YES;
				GCC_C_LANGUAGE_STANDARD = gnu11;
				GCC_DYNAMIC_NO_PIC = NO;
				GCC_NO_COMMON_BLOCKS = YES;
				GCC_OPTIMIZATION_LEVEL = 0;
				GCC_PREPROCESSOR_DEFINITIONS = (
					"DEBUG=1",
					"$(inherited)",
				);
				GCC_WARN_64_TO_32_BIT_CONVERSION = YES;
				GCC_WARN_ABOUT_RETURN_TYPE = YES_ERROR;
				GCC_WARN_UNDECLARED_SELECTOR = YES;
				GCC_WARN_UNINITIALIZED_AUTOS = YES_AGGRESSIVE;
				GCC_WARN_UNUSED_FUNCTION = YES;
				GCC_WARN_UNUSED_VARIABLE = YES;
				IPHONEOS_DEPLOYMENT_TARGET = 16.0;
				MTL_ENABLE_DEBUG_INFO = INCLUDE_SOURCE;
				MTL_FAST_MATH = YES;
				ONLY_ACTIVE_ARCH = YES;
				SDKROOT = iphoneos;
				SWIFT_ACTIVE_COMPILATION_CONDITIONS = DEBUG;
				SWIFT_OPTIMIZATION_LEVEL = "-Onone";
			};
			name = Debug;
		};
		EC0A024528D89AAC00750F8F /* Release */ = {
			isa = XCBuildConfiguration;
			buildSettings = {
				ALWAYS_SEARCH_USER_PATHS = NO;
				CLANG_ANALYZER_NONNULL = YES;
				CLANG_ANALYZER_NUMBER_OBJECT_CONVERSION = YES_AGGRESSIVE;
				CLANG_CXX_LANGUAGE_STANDARD = "gnu++20";
				CLANG_ENABLE_MODULES = YES;
				CLANG_ENABLE_OBJC_ARC = YES;
				CLANG_ENABLE_OBJC_WEAK = YES;
				CLANG_WARN_BLOCK_CAPTURE_AUTORELEASING = YES;
				CLANG_WARN_BOOL_CONVERSION = YES;
				CLANG_WARN_COMMA = YES;
				CLANG_WARN_CONSTANT_CONVERSION = YES;
				CLANG_WARN_DEPRECATED_OBJC_IMPLEMENTATIONS = YES;
				CLANG_WARN_DIRECT_OBJC_ISA_USAGE = YES_ERROR;
				CLANG_WARN_DOCUMENTATION_COMMENTS = YES;
				CLANG_WARN_EMPTY_BODY = YES;
				CLANG_WARN_ENUM_CONVERSION = YES;
				CLANG_WARN_INFINITE_RECURSION = YES;
				CLANG_WARN_INT_CONVERSION = YES;
				CLANG_WARN_NON_LITERAL_NULL_CONVERSION = YES;
				CLANG_WARN_OBJC_IMPLICIT_RETAIN_SELF = YES;
				CLANG_WARN_OBJC_LITERAL_CONVERSION = YES;
				CLANG_WARN_OBJC_ROOT_CLASS = YES_ERROR;
				CLANG_WARN_QUOTED_INCLUDE_IN_FRAMEWORK_HEADER = YES;
				CLANG_WARN_RANGE_LOOP_ANALYSIS = YES;
				CLANG_WARN_STRICT_PROTOTYPES = YES;
				CLANG_WARN_SUSPICIOUS_MOVE = YES;
				CLANG_WARN_UNGUARDED_AVAILABILITY = YES_AGGRESSIVE;
				CLANG_WARN_UNREACHABLE_CODE = YES;
				CLANG_WARN__DUPLICATE_METHOD_MATCH = YES;
				COPY_PHASE_STRIP = NO;
				DEBUG_INFORMATION_FORMAT = "dwarf-with-dsym";
				ENABLE_NS_ASSERTIONS = NO;
				ENABLE_STRICT_OBJC_MSGSEND = YES;
				GCC_C_LANGUAGE_STANDARD = gnu11;
				GCC_NO_COMMON_BLOCKS = YES;
				GCC_WARN_64_TO_32_BIT_CONVERSION = YES;
				GCC_WARN_ABOUT_RETURN_TYPE = YES_ERROR;
				GCC_WARN_UNDECLARED_SELECTOR = YES;
				GCC_WARN_UNINITIALIZED_AUTOS = YES_AGGRESSIVE;
				GCC_WARN_UNUSED_FUNCTION = YES;
				GCC_WARN_UNUSED_VARIABLE = YES;
				IPHONEOS_DEPLOYMENT_TARGET = 16.0;
				MTL_ENABLE_DEBUG_INFO = NO;
				MTL_FAST_MATH = YES;
				SDKROOT = iphoneos;
				SWIFT_COMPILATION_MODE = wholemodule;
				SWIFT_OPTIMIZATION_LEVEL = "-O";
				VALIDATE_PRODUCT = YES;
			};
			name = Release;
		};
		EC0A024728D89AAC00750F8F /* Debug */ = {
			isa = XCBuildConfiguration;
			buildSettings = {
				ASSETCATALOG_COMPILER_APPICON_NAME = AppIcon;
				ASSETCATALOG_COMPILER_GLOBAL_ACCENT_COLOR_NAME = AccentColor;
				CODE_SIGN_STYLE = Automatic;
				CURRENT_PROJECT_VERSION = 1;
				DEVELOPMENT_ASSET_PATHS = "\"YoMarks_SwiftUI/Preview Content\"";
				DEVELOPMENT_TEAM = 66STM82H6X;
				ENABLE_PREVIEWS = YES;
				GENERATE_INFOPLIST_FILE = YES;
				INFOPLIST_FILE = "YoMarks-SwiftUI-Info.plist";
				INFOPLIST_KEY_CFBundleDisplayName = YoMarks;
				INFOPLIST_KEY_LSApplicationCategoryType = "public.app-category.business";
				INFOPLIST_KEY_UIApplicationSceneManifest_Generation = YES;
				INFOPLIST_KEY_UIApplicationSupportsIndirectInputEvents = YES;
				INFOPLIST_KEY_UILaunchScreen_Generation = YES;
				INFOPLIST_KEY_UIStatusBarStyle = "";
				INFOPLIST_KEY_UISupportedInterfaceOrientations = UIInterfaceOrientationPortrait;
				INFOPLIST_KEY_UISupportedInterfaceOrientations_iPad = "UIInterfaceOrientationLandscapeLeft UIInterfaceOrientationLandscapeRight UIInterfaceOrientationPortrait UIInterfaceOrientationPortraitUpsideDown";
				LD_RUNPATH_SEARCH_PATHS = (
					"$(inherited)",
					"@executable_path/Frameworks",
				);
				MARKETING_VERSION = 1.0;
				PRODUCT_BUNDLE_IDENTIFIER = "com.dev.botalov.YoMarks-SwiftUI";
				PRODUCT_NAME = "$(TARGET_NAME)";
				SUPPORTED_PLATFORMS = "iphoneos iphonesimulator";
				SUPPORTS_MACCATALYST = NO;
				SUPPORTS_MAC_DESIGNED_FOR_IPHONE_IPAD = NO;
				SWIFT_EMIT_LOC_STRINGS = YES;
				SWIFT_VERSION = 5.0;
				TARGETED_DEVICE_FAMILY = 1;
			};
			name = Debug;
		};
		EC0A024828D89AAC00750F8F /* Release */ = {
			isa = XCBuildConfiguration;
			buildSettings = {
				ASSETCATALOG_COMPILER_APPICON_NAME = AppIcon;
				ASSETCATALOG_COMPILER_GLOBAL_ACCENT_COLOR_NAME = AccentColor;
				CODE_SIGN_STYLE = Automatic;
				CURRENT_PROJECT_VERSION = 1;
				DEVELOPMENT_ASSET_PATHS = "\"YoMarks_SwiftUI/Preview Content\"";
				DEVELOPMENT_TEAM = 66STM82H6X;
				ENABLE_PREVIEWS = YES;
				GENERATE_INFOPLIST_FILE = YES;
				INFOPLIST_FILE = "YoMarks-SwiftUI-Info.plist";
				INFOPLIST_KEY_CFBundleDisplayName = YoMarks;
				INFOPLIST_KEY_LSApplicationCategoryType = "public.app-category.business";
				INFOPLIST_KEY_UIApplicationSceneManifest_Generation = YES;
				INFOPLIST_KEY_UIApplicationSupportsIndirectInputEvents = YES;
				INFOPLIST_KEY_UILaunchScreen_Generation = YES;
				INFOPLIST_KEY_UIStatusBarStyle = "";
				INFOPLIST_KEY_UISupportedInterfaceOrientations = UIInterfaceOrientationPortrait;
				INFOPLIST_KEY_UISupportedInterfaceOrientations_iPad = "UIInterfaceOrientationLandscapeLeft UIInterfaceOrientationLandscapeRight UIInterfaceOrientationPortrait UIInterfaceOrientationPortraitUpsideDown";
				LD_RUNPATH_SEARCH_PATHS = (
					"$(inherited)",
					"@executable_path/Frameworks",
				);
				MARKETING_VERSION = 1.0;
				PRODUCT_BUNDLE_IDENTIFIER = "com.dev.botalov.YoMarks-SwiftUI";
				PRODUCT_NAME = "$(TARGET_NAME)";
				SUPPORTED_PLATFORMS = "iphoneos iphonesimulator";
				SUPPORTS_MACCATALYST = NO;
				SUPPORTS_MAC_DESIGNED_FOR_IPHONE_IPAD = NO;
				SWIFT_EMIT_LOC_STRINGS = YES;
				SWIFT_VERSION = 5.0;
				TARGETED_DEVICE_FAMILY = 1;
			};
			name = Release;
		};
/* End XCBuildConfiguration section */

/* Begin XCConfigurationList section */
		EC0A023328D89AAB00750F8F /* Build configuration list for PBXProject "YoMarks_SwiftUI" */ = {
			isa = XCConfigurationList;
			buildConfigurations = (
				EC0A024428D89AAC00750F8F /* Debug */,
				EC0A024528D89AAC00750F8F /* Release */,
			);
			defaultConfigurationIsVisible = 0;
			defaultConfigurationName = Release;
		};
		EC0A024628D89AAC00750F8F /* Build configuration list for PBXNativeTarget "YoMarks_SwiftUI" */ = {
			isa = XCConfigurationList;
			buildConfigurations = (
				EC0A024728D89AAC00750F8F /* Debug */,
				EC0A024828D89AAC00750F8F /* Release */,
			);
			defaultConfigurationIsVisible = 0;
			defaultConfigurationName = Release;
		};
/* End XCConfigurationList section */
	};
	rootObject = EC0A023028D89AAB00750F8F /* Project object */;
}
